// !$*UTF8*$!
{
	archiveVersion = 1;
	classes = {
	};
	objectVersion = 56;
	objects = {

/* Begin PBXBuildFile section */
		0279763E2BDBEC87003B25E8 /* MainInformationView.swift in Sources */ = {isa = PBXBuildFile; fileRef = 0279763D2BDBEC87003B25E8 /* MainInformationView.swift */; };
		027976402BDC1EA7003B25E8 /* DetailsParametrView.swift in Sources */ = {isa = PBXBuildFile; fileRef = 0279763F2BDC1EA7003B25E8 /* DetailsParametrView.swift */; };
		027976422BDC1F49003B25E8 /* DetailsView.swift in Sources */ = {isa = PBXBuildFile; fileRef = 027976412BDC1F49003B25E8 /* DetailsView.swift */; };
		027976442BDC212E003B25E8 /* ForecastView.swift in Sources */ = {isa = PBXBuildFile; fileRef = 027976432BDC212E003B25E8 /* ForecastView.swift */; };
		027976462BDCA34E003B25E8 /* HourlyForecastItem.swift in Sources */ = {isa = PBXBuildFile; fileRef = 027976452BDCA34E003B25E8 /* HourlyForecastItem.swift */; };
		027976482BDCA35A003B25E8 /* DailyForecastItem.swift in Sources */ = {isa = PBXBuildFile; fileRef = 027976472BDCA35A003B25E8 /* DailyForecastItem.swift */; };
		0279764D2BDCAF9E003B25E8 /* SettingsView.swift in Sources */ = {isa = PBXBuildFile; fileRef = 0279764C2BDCAF9E003B25E8 /* SettingsView.swift */; };
		0279764F2BDCAFAF003B25E8 /* ChooseCityView.swift in Sources */ = {isa = PBXBuildFile; fileRef = 0279764E2BDCAFAF003B25E8 /* ChooseCityView.swift */; };
		027976512BDCC483003B25E8 /* CityItemView.swift in Sources */ = {isa = PBXBuildFile; fileRef = 027976502BDCC482003B25E8 /* CityItemView.swift */; };
		027976542BDCDA05003B25E8 /* IpAdress.swift in Sources */ = {isa = PBXBuildFile; fileRef = 027976532BDCDA05003B25E8 /* IpAdress.swift */; };
		0279765E2BDD01B1003B25E8 /* LocationManager.swift in Sources */ = {isa = PBXBuildFile; fileRef = 0279765D2BDD01B1003B25E8 /* LocationManager.swift */; };
		027976602BDD0704003B25E8 /* OnboardingView.swift in Sources */ = {isa = PBXBuildFile; fileRef = 0279765F2BDD0704003B25E8 /* OnboardingView.swift */; };
		027976632BDD08EF003B25E8 /* AutoLocationView.swift in Sources */ = {isa = PBXBuildFile; fileRef = 027976622BDD08EF003B25E8 /* AutoLocationView.swift */; };
		027976682BDD0D76003B25E8 /* Spinner.swift in Sources */ = {isa = PBXBuildFile; fileRef = 027976672BDD0D76003B25E8 /* Spinner.swift */; };
		0279766A2BDD3B70003B25E8 /* ReverseGeocoding.swift in Sources */ = {isa = PBXBuildFile; fileRef = 027976692BDD3B70003B25E8 /* ReverseGeocoding.swift */; };
		0279766C2BDD3C91003B25E8 /* ReverseGeocodingModel.swift in Sources */ = {isa = PBXBuildFile; fileRef = 0279766B2BDD3C91003B25E8 /* ReverseGeocodingModel.swift */; };
		027976732BDDF927003B25E8 /* CountrySelectView.swift in Sources */ = {isa = PBXBuildFile; fileRef = 027976722BDDF927003B25E8 /* CountrySelectView.swift */; };
		027976782BDE073B003B25E8 /* countries+cities.json in Resources */ = {isa = PBXBuildFile; fileRef = 027976772BDE073B003B25E8 /* countries+cities.json */; };
		0279767A2BDE07DB003B25E8 /* CountriesCitiesModel.swift in Sources */ = {isa = PBXBuildFile; fileRef = 027976792BDE07DB003B25E8 /* CountriesCitiesModel.swift */; };
		0279767C2BDE09D6003B25E8 /* CountriesAndCities.swift in Sources */ = {isa = PBXBuildFile; fileRef = 0279767B2BDE09D6003B25E8 /* CountriesAndCities.swift */; };
		0279767F2BDE3D41003B25E8 /* DataModel.xcdatamodeld in Sources */ = {isa = PBXBuildFile; fileRef = 0279767D2BDE3D41003B25E8 /* DataModel.xcdatamodeld */; };
		027976812BDE4690003B25E8 /* PersistenceController.swift in Sources */ = {isa = PBXBuildFile; fileRef = 027976802BDE468F003B25E8 /* PersistenceController.swift */; };
		0279768C2BDF4A9A003B25E8 /* SelectorView.swift in Sources */ = {isa = PBXBuildFile; fileRef = 0279768B2BDF4A9A003B25E8 /* SelectorView.swift */; };
		0279768E2BDF4DA3003B25E8 /* AppSettingsVM.swift in Sources */ = {isa = PBXBuildFile; fileRef = 0279768D2BDF4DA3003B25E8 /* AppSettingsVM.swift */; };
		027976922BDF622E003B25E8 /* WeatherModel.swift in Sources */ = {isa = PBXBuildFile; fileRef = 027976912BDF622E003B25E8 /* WeatherModel.swift */; };
		027976942BDF6921003B25E8 /* Alamofire in Frameworks */ = {isa = PBXBuildFile; productRef = 027976932BDF6921003B25E8 /* Alamofire */; };
		027976962BDF6921003B25E8 /* AlamofireDynamic in Frameworks */ = {isa = PBXBuildFile; productRef = 027976952BDF6921003B25E8 /* AlamofireDynamic */; };
		0285D2602BDF6ADF00A812C5 /* WeatherVM.swift in Sources */ = {isa = PBXBuildFile; fileRef = 0285D25F2BDF6ADF00A812C5 /* WeatherVM.swift */; };
		0285D2622BDF81C700A812C5 /* Convertation.swift in Sources */ = {isa = PBXBuildFile; fileRef = 0285D2612BDF81C700A812C5 /* Convertation.swift */; };
		0285D2642BDF860D00A812C5 /* WeatherView.swift in Sources */ = {isa = PBXBuildFile; fileRef = 0285D2632BDF860D00A812C5 /* WeatherView.swift */; };
		0285D2662BDF878B00A812C5 /* WeatherHeaderView.swift in Sources */ = {isa = PBXBuildFile; fileRef = 0285D2652BDF878B00A812C5 /* WeatherHeaderView.swift */; };
		0285D26A2BDFC4D300A812C5 /* Extensions.swift in Sources */ = {isa = PBXBuildFile; fileRef = 0285D2692BDFC4D300A812C5 /* Extensions.swift */; };
		02DD57AB2BDBB63A001F1546 /* UbuntuCondensed-Regular.ttf in Resources */ = {isa = PBXBuildFile; fileRef = 02DD57AA2BDBB338001F1546 /* UbuntuCondensed-Regular.ttf */; };
		02FDF1672BDBA7DE0079DC85 /* WeatherApp03App.swift in Sources */ = {isa = PBXBuildFile; fileRef = 02FDF1662BDBA7DE0079DC85 /* WeatherApp03App.swift */; };
		02FDF1692BDBA7DE0079DC85 /* AppView.swift in Sources */ = {isa = PBXBuildFile; fileRef = 02FDF1682BDBA7DE0079DC85 /* AppView.swift */; };
		02FDF16B2BDBA7E00079DC85 /* Assets.xcassets in Resources */ = {isa = PBXBuildFile; fileRef = 02FDF16A2BDBA7E00079DC85 /* Assets.xcassets */; };
		02FDF16E2BDBA7E00079DC85 /* Preview Assets.xcassets in Resources */ = {isa = PBXBuildFile; fileRef = 02FDF16D2BDBA7E00079DC85 /* Preview Assets.xcassets */; };
		02FDF1762BDBADF30079DC85 /* Launch Screen.storyboard in Resources */ = {isa = PBXBuildFile; fileRef = 02FDF1752BDBADF30079DC85 /* Launch Screen.storyboard */; };
/* End PBXBuildFile section */

/* Begin PBXFileReference section */
		0279763D2BDBEC87003B25E8 /* MainInformationView.swift */ = {isa = PBXFileReference; lastKnownFileType = sourcecode.swift; path = MainInformationView.swift; sourceTree = "<group>"; };
		0279763F2BDC1EA7003B25E8 /* DetailsParametrView.swift */ = {isa = PBXFileReference; lastKnownFileType = sourcecode.swift; path = DetailsParametrView.swift; sourceTree = "<group>"; };
		027976412BDC1F49003B25E8 /* DetailsView.swift */ = {isa = PBXFileReference; lastKnownFileType = sourcecode.swift; path = DetailsView.swift; sourceTree = "<group>"; };
		027976432BDC212E003B25E8 /* ForecastView.swift */ = {isa = PBXFileReference; lastKnownFileType = sourcecode.swift; path = ForecastView.swift; sourceTree = "<group>"; };
		027976452BDCA34E003B25E8 /* HourlyForecastItem.swift */ = {isa = PBXFileReference; lastKnownFileType = sourcecode.swift; path = HourlyForecastItem.swift; sourceTree = "<group>"; };
		027976472BDCA35A003B25E8 /* DailyForecastItem.swift */ = {isa = PBXFileReference; lastKnownFileType = sourcecode.swift; path = DailyForecastItem.swift; sourceTree = "<group>"; };
		0279764C2BDCAF9E003B25E8 /* SettingsView.swift */ = {isa = PBXFileReference; lastKnownFileType = sourcecode.swift; path = SettingsView.swift; sourceTree = "<group>"; };
		0279764E2BDCAFAF003B25E8 /* ChooseCityView.swift */ = {isa = PBXFileReference; lastKnownFileType = sourcecode.swift; path = ChooseCityView.swift; sourceTree = "<group>"; };
		027976502BDCC482003B25E8 /* CityItemView.swift */ = {isa = PBXFileReference; lastKnownFileType = sourcecode.swift; path = CityItemView.swift; sourceTree = "<group>"; };
		027976532BDCDA05003B25E8 /* IpAdress.swift */ = {isa = PBXFileReference; lastKnownFileType = sourcecode.swift; path = IpAdress.swift; sourceTree = "<group>"; };
		0279765D2BDD01B1003B25E8 /* LocationManager.swift */ = {isa = PBXFileReference; lastKnownFileType = sourcecode.swift; path = LocationManager.swift; sourceTree = "<group>"; };
		0279765F2BDD0704003B25E8 /* OnboardingView.swift */ = {isa = PBXFileReference; lastKnownFileType = sourcecode.swift; path = OnboardingView.swift; sourceTree = "<group>"; };
		027976622BDD08EF003B25E8 /* AutoLocationView.swift */ = {isa = PBXFileReference; lastKnownFileType = sourcecode.swift; path = AutoLocationView.swift; sourceTree = "<group>"; };
		027976672BDD0D76003B25E8 /* Spinner.swift */ = {isa = PBXFileReference; lastKnownFileType = sourcecode.swift; path = Spinner.swift; sourceTree = "<group>"; };
		027976692BDD3B70003B25E8 /* ReverseGeocoding.swift */ = {isa = PBXFileReference; lastKnownFileType = sourcecode.swift; path = ReverseGeocoding.swift; sourceTree = "<group>"; };
		0279766B2BDD3C91003B25E8 /* ReverseGeocodingModel.swift */ = {isa = PBXFileReference; lastKnownFileType = sourcecode.swift; path = ReverseGeocodingModel.swift; sourceTree = "<group>"; };
		027976722BDDF927003B25E8 /* CountrySelectView.swift */ = {isa = PBXFileReference; lastKnownFileType = sourcecode.swift; path = CountrySelectView.swift; sourceTree = "<group>"; };
		027976772BDE073B003B25E8 /* countries+cities.json */ = {isa = PBXFileReference; fileEncoding = 4; lastKnownFileType = text.json; path = "countries+cities.json"; sourceTree = "<group>"; };
		027976792BDE07DB003B25E8 /* CountriesCitiesModel.swift */ = {isa = PBXFileReference; lastKnownFileType = sourcecode.swift; path = CountriesCitiesModel.swift; sourceTree = "<group>"; };
		0279767B2BDE09D6003B25E8 /* CountriesAndCities.swift */ = {isa = PBXFileReference; lastKnownFileType = sourcecode.swift; path = CountriesAndCities.swift; sourceTree = "<group>"; };
		0279767E2BDE3D41003B25E8 /* DataModel.xcdatamodel */ = {isa = PBXFileReference; lastKnownFileType = wrapper.xcdatamodel; path = DataModel.xcdatamodel; sourceTree = "<group>"; };
		027976802BDE468F003B25E8 /* PersistenceController.swift */ = {isa = PBXFileReference; lastKnownFileType = sourcecode.swift; path = PersistenceController.swift; sourceTree = "<group>"; };
		0279768B2BDF4A9A003B25E8 /* SelectorView.swift */ = {isa = PBXFileReference; lastKnownFileType = sourcecode.swift; path = SelectorView.swift; sourceTree = "<group>"; };
		0279768D2BDF4DA3003B25E8 /* AppSettingsVM.swift */ = {isa = PBXFileReference; lastKnownFileType = sourcecode.swift; path = AppSettingsVM.swift; sourceTree = "<group>"; };
		027976912BDF622E003B25E8 /* WeatherModel.swift */ = {isa = PBXFileReference; lastKnownFileType = sourcecode.swift; path = WeatherModel.swift; sourceTree = "<group>"; };
		0285D25F2BDF6ADF00A812C5 /* WeatherVM.swift */ = {isa = PBXFileReference; lastKnownFileType = sourcecode.swift; path = WeatherVM.swift; sourceTree = "<group>"; };
		0285D2612BDF81C700A812C5 /* Convertation.swift */ = {isa = PBXFileReference; lastKnownFileType = sourcecode.swift; path = Convertation.swift; sourceTree = "<group>"; };
		0285D2632BDF860D00A812C5 /* WeatherView.swift */ = {isa = PBXFileReference; lastKnownFileType = sourcecode.swift; path = WeatherView.swift; sourceTree = "<group>"; };
		0285D2652BDF878B00A812C5 /* WeatherHeaderView.swift */ = {isa = PBXFileReference; lastKnownFileType = sourcecode.swift; path = WeatherHeaderView.swift; sourceTree = "<group>"; };
		0285D2692BDFC4D300A812C5 /* Extensions.swift */ = {isa = PBXFileReference; lastKnownFileType = sourcecode.swift; path = Extensions.swift; sourceTree = "<group>"; };
		02DD57AA2BDBB338001F1546 /* UbuntuCondensed-Regular.ttf */ = {isa = PBXFileReference; lastKnownFileType = file; path = "UbuntuCondensed-Regular.ttf"; sourceTree = "<group>"; };
		02FDF1632BDBA7DE0079DC85 /* WeatherApp03.app */ = {isa = PBXFileReference; explicitFileType = wrapper.application; includeInIndex = 0; path = WeatherApp03.app; sourceTree = BUILT_PRODUCTS_DIR; };
		02FDF1662BDBA7DE0079DC85 /* WeatherApp03App.swift */ = {isa = PBXFileReference; lastKnownFileType = sourcecode.swift; path = WeatherApp03App.swift; sourceTree = "<group>"; };
		02FDF1682BDBA7DE0079DC85 /* AppView.swift */ = {isa = PBXFileReference; lastKnownFileType = sourcecode.swift; path = AppView.swift; sourceTree = "<group>"; };
		02FDF16A2BDBA7E00079DC85 /* Assets.xcassets */ = {isa = PBXFileReference; lastKnownFileType = folder.assetcatalog; path = Assets.xcassets; sourceTree = "<group>"; };
		02FDF16D2BDBA7E00079DC85 /* Preview Assets.xcassets */ = {isa = PBXFileReference; lastKnownFileType = folder.assetcatalog; path = "Preview Assets.xcassets"; sourceTree = "<group>"; };
		02FDF1742BDBADCD0079DC85 /* Info.plist */ = {isa = PBXFileReference; lastKnownFileType = text.plist; path = Info.plist; sourceTree = "<group>"; };
		02FDF1752BDBADF30079DC85 /* Launch Screen.storyboard */ = {isa = PBXFileReference; lastKnownFileType = file.storyboard; path = "Launch Screen.storyboard"; sourceTree = "<group>"; };
/* End PBXFileReference section */

/* Begin PBXFrameworksBuildPhase section */
		02FDF1602BDBA7DE0079DC85 /* Frameworks */ = {
			isa = PBXFrameworksBuildPhase;
			buildActionMask = 2147483647;
			files = (
				027976942BDF6921003B25E8 /* Alamofire in Frameworks */,
				027976962BDF6921003B25E8 /* AlamofireDynamic in Frameworks */,
			);
			runOnlyForDeploymentPostprocessing = 0;
		};
/* End PBXFrameworksBuildPhase section */

/* Begin PBXGroup section */
		0279763C2BDBEBF9003B25E8 /* Views */ = {
			isa = PBXGroup;
			children = (
				0279768B2BDF4A9A003B25E8 /* SelectorView.swift */,
				02FDF1682BDBA7DE0079DC85 /* AppView.swift */,
				0285D2632BDF860D00A812C5 /* WeatherView.swift */,
				0279764E2BDCAFAF003B25E8 /* ChooseCityView.swift */,
				027976502BDCC482003B25E8 /* CityItemView.swift */,
				0279764C2BDCAF9E003B25E8 /* SettingsView.swift */,
				027976712BDDF8F5003B25E8 /* Countries */,
				0279764A2BDCA4B4003B25E8 /* Details */,
				027976492BDCA364003B25E8 /* Forecast */,
				0279764B2BDCA4CF003B25E8 /* Main */,
				027976612BDD0886003B25E8 /* Onboarding */,
				0285D2652BDF878B00A812C5 /* WeatherHeaderView.swift */,
			);
			path = Views;
			sourceTree = "<group>";
		};
		027976492BDCA364003B25E8 /* Forecast */ = {
			isa = PBXGroup;
			children = (
				027976432BDC212E003B25E8 /* ForecastView.swift */,
				027976452BDCA34E003B25E8 /* HourlyForecastItem.swift */,
				027976472BDCA35A003B25E8 /* DailyForecastItem.swift */,
			);
			path = Forecast;
			sourceTree = "<group>";
		};
		0279764A2BDCA4B4003B25E8 /* Details */ = {
			isa = PBXGroup;
			children = (
				027976412BDC1F49003B25E8 /* DetailsView.swift */,
				0279763F2BDC1EA7003B25E8 /* DetailsParametrView.swift */,
			);
			path = Details;
			sourceTree = "<group>";
		};
		0279764B2BDCA4CF003B25E8 /* Main */ = {
			isa = PBXGroup;
			children = (
				0279763D2BDBEC87003B25E8 /* MainInformationView.swift */,
			);
			path = Main;
			sourceTree = "<group>";
		};
		027976522BDCCDA3003B25E8 /* Models */ = {
			isa = PBXGroup;
			children = (
				027976532BDCDA05003B25E8 /* IpAdress.swift */,
				0279766B2BDD3C91003B25E8 /* ReverseGeocodingModel.swift */,
				027976792BDE07DB003B25E8 /* CountriesCitiesModel.swift */,
				0279767D2BDE3D41003B25E8 /* DataModel.xcdatamodeld */,
				027976912BDF622E003B25E8 /* WeatherModel.swift */,
			);
			path = Models;
			sourceTree = "<group>";
		};
		027976552BDCDAA7003B25E8 /* ViewModels */ = {
			isa = PBXGroup;
			children = (
				0279765D2BDD01B1003B25E8 /* LocationManager.swift */,
				027976692BDD3B70003B25E8 /* ReverseGeocoding.swift */,
				0279767B2BDE09D6003B25E8 /* CountriesAndCities.swift */,
				027976802BDE468F003B25E8 /* PersistenceController.swift */,
				0279768D2BDF4DA3003B25E8 /* AppSettingsVM.swift */,
				0285D25F2BDF6ADF00A812C5 /* WeatherVM.swift */,
			);
			path = ViewModels;
			sourceTree = "<group>";
		};
		027976612BDD0886003B25E8 /* Onboarding */ = {
			isa = PBXGroup;
			children = (
				0279765F2BDD0704003B25E8 /* OnboardingView.swift */,
				027976622BDD08EF003B25E8 /* AutoLocationView.swift */,
			);
			path = Onboarding;
			sourceTree = "<group>";
		};
		027976662BDD0D4A003B25E8 /* Helpers */ = {
			isa = PBXGroup;
			children = (
				027976672BDD0D76003B25E8 /* Spinner.swift */,
				0285D2612BDF81C700A812C5 /* Convertation.swift */,
				0285D2692BDFC4D300A812C5 /* Extensions.swift */,
			);
			path = Helpers;
			sourceTree = "<group>";
		};
		027976712BDDF8F5003B25E8 /* Countries */ = {
			isa = PBXGroup;
			children = (
				027976722BDDF927003B25E8 /* CountrySelectView.swift */,
			);
			path = Countries;
			sourceTree = "<group>";
		};
		027976742BDE0700003B25E8 /* Resources */ = {
			isa = PBXGroup;
			children = (
				027976772BDE073B003B25E8 /* countries+cities.json */,
			);
			path = Resources;
			sourceTree = "<group>";
		};
		02DD57A92BDBB326001F1546 /* Fonts */ = {
			isa = PBXGroup;
			children = (
				02DD57AA2BDBB338001F1546 /* UbuntuCondensed-Regular.ttf */,
			);
			path = Fonts;
			sourceTree = "<group>";
		};
		02FDF15A2BDBA7DE0079DC85 = {
			isa = PBXGroup;
			children = (
				02FDF1752BDBADF30079DC85 /* Launch Screen.storyboard */,
				02FDF1652BDBA7DE0079DC85 /* WeatherApp03 */,
				02FDF1642BDBA7DE0079DC85 /* Products */,
			);
			sourceTree = "<group>";
		};
		02FDF1642BDBA7DE0079DC85 /* Products */ = {
			isa = PBXGroup;
			children = (
				02FDF1632BDBA7DE0079DC85 /* WeatherApp03.app */,
			);
			name = Products;
			sourceTree = "<group>";
		};
		02FDF1652BDBA7DE0079DC85 /* WeatherApp03 */ = {
			isa = PBXGroup;
			children = (
				02FDF1742BDBADCD0079DC85 /* Info.plist */,
				02FDF1662BDBA7DE0079DC85 /* WeatherApp03App.swift */,
				02FDF16A2BDBA7E00079DC85 /* Assets.xcassets */,
				02DD57A92BDBB326001F1546 /* Fonts */,
				027976662BDD0D4A003B25E8 /* Helpers */,
				027976522BDCCDA3003B25E8 /* Models */,
				02FDF16C2BDBA7E00079DC85 /* Preview Content */,
				027976742BDE0700003B25E8 /* Resources */,
				027976552BDCDAA7003B25E8 /* ViewModels */,
				0279763C2BDBEBF9003B25E8 /* Views */,
			);
			path = WeatherApp03;
			sourceTree = "<group>";
		};
		02FDF16C2BDBA7E00079DC85 /* Preview Content */ = {
			isa = PBXGroup;
			children = (
				02FDF16D2BDBA7E00079DC85 /* Preview Assets.xcassets */,
			);
			path = "Preview Content";
			sourceTree = "<group>";
		};
/* End PBXGroup section */

/* Begin PBXNativeTarget section */
		02FDF1622BDBA7DE0079DC85 /* WeatherApp03 */ = {
			isa = PBXNativeTarget;
			buildConfigurationList = 02FDF1712BDBA7E00079DC85 /* Build configuration list for PBXNativeTarget "WeatherApp03" */;
			buildPhases = (
				02FDF15F2BDBA7DE0079DC85 /* Sources */,
				02FDF1602BDBA7DE0079DC85 /* Frameworks */,
				02FDF1612BDBA7DE0079DC85 /* Resources */,
			);
			buildRules = (
			);
			dependencies = (
			);
			name = WeatherApp03;
			packageProductDependencies = (
				027976932BDF6921003B25E8 /* Alamofire */,
				027976952BDF6921003B25E8 /* AlamofireDynamic */,
			);
			productName = WeatherApp03;
			productReference = 02FDF1632BDBA7DE0079DC85 /* WeatherApp03.app */;
			productType = "com.apple.product-type.application";
		};
/* End PBXNativeTarget section */

/* Begin PBXProject section */
		02FDF15B2BDBA7DE0079DC85 /* Project object */ = {
			isa = PBXProject;
			attributes = {
				BuildIndependentTargetsInParallel = 1;
				LastSwiftUpdateCheck = 1530;
				LastUpgradeCheck = 1530;
				TargetAttributes = {
					02FDF1622BDBA7DE0079DC85 = {
						CreatedOnToolsVersion = 15.3;
					};
				};
			};
			buildConfigurationList = 02FDF15E2BDBA7DE0079DC85 /* Build configuration list for PBXProject "WeatherApp03" */;
			compatibilityVersion = "Xcode 14.0";
			developmentRegion = en;
			hasScannedForEncodings = 0;
			knownRegions = (
				en,
				Base,
			);
			mainGroup = 02FDF15A2BDBA7DE0079DC85;
			packageReferences = (
				027976562BDCDAE0003B25E8 /* XCRemoteSwiftPackageReference "Alamofire" */,
			);
			productRefGroup = 02FDF1642BDBA7DE0079DC85 /* Products */;
			projectDirPath = "";
			projectRoot = "";
			targets = (
				02FDF1622BDBA7DE0079DC85 /* WeatherApp03 */,
			);
		};
/* End PBXProject section */

/* Begin PBXResourcesBuildPhase section */
		02FDF1612BDBA7DE0079DC85 /* Resources */ = {
			isa = PBXResourcesBuildPhase;
			buildActionMask = 2147483647;
			files = (
				02DD57AB2BDBB63A001F1546 /* UbuntuCondensed-Regular.ttf in Resources */,
				02FDF1762BDBADF30079DC85 /* Launch Screen.storyboard in Resources */,
				02FDF16E2BDBA7E00079DC85 /* Preview Assets.xcassets in Resources */,
				027976782BDE073B003B25E8 /* countries+cities.json in Resources */,
				02FDF16B2BDBA7E00079DC85 /* Assets.xcassets in Resources */,
			);
			runOnlyForDeploymentPostprocessing = 0;
		};
/* End PBXResourcesBuildPhase section */

/* Begin PBXSourcesBuildPhase section */
		02FDF15F2BDBA7DE0079DC85 /* Sources */ = {
			isa = PBXSourcesBuildPhase;
			buildActionMask = 2147483647;
			files = (
				027976512BDCC483003B25E8 /* CityItemView.swift in Sources */,
				0285D2622BDF81C700A812C5 /* Convertation.swift in Sources */,
				0279768E2BDF4DA3003B25E8 /* AppSettingsVM.swift in Sources */,
				0279767C2BDE09D6003B25E8 /* CountriesAndCities.swift in Sources */,
				027976682BDD0D76003B25E8 /* Spinner.swift in Sources */,
				0279766C2BDD3C91003B25E8 /* ReverseGeocodingModel.swift in Sources */,
				0279766A2BDD3B70003B25E8 /* ReverseGeocoding.swift in Sources */,
				0279763E2BDBEC87003B25E8 /* MainInformationView.swift in Sources */,
				027976422BDC1F49003B25E8 /* DetailsView.swift in Sources */,
				027976602BDD0704003B25E8 /* OnboardingView.swift in Sources */,
				0279767F2BDE3D41003B25E8 /* DataModel.xcdatamodeld in Sources */,
				027976402BDC1EA7003B25E8 /* DetailsParametrView.swift in Sources */,
				027976922BDF622E003B25E8 /* WeatherModel.swift in Sources */,
				0279764D2BDCAF9E003B25E8 /* SettingsView.swift in Sources */,
				027976482BDCA35A003B25E8 /* DailyForecastItem.swift in Sources */,
				02FDF1692BDBA7DE0079DC85 /* AppView.swift in Sources */,
				0285D2662BDF878B00A812C5 /* WeatherHeaderView.swift in Sources */,
				02FDF1672BDBA7DE0079DC85 /* WeatherApp03App.swift in Sources */,
				0279768C2BDF4A9A003B25E8 /* SelectorView.swift in Sources */,
				0285D26A2BDFC4D300A812C5 /* Extensions.swift in Sources */,
				0285D2642BDF860D00A812C5 /* WeatherView.swift in Sources */,
				027976542BDCDA05003B25E8 /* IpAdress.swift in Sources */,
				0279767A2BDE07DB003B25E8 /* CountriesCitiesModel.swift in Sources */,
				0279765E2BDD01B1003B25E8 /* LocationManager.swift in Sources */,
				027976442BDC212E003B25E8 /* ForecastView.swift in Sources */,
				0279764F2BDCAFAF003B25E8 /* ChooseCityView.swift in Sources */,
				027976732BDDF927003B25E8 /* CountrySelectView.swift in Sources */,
				027976632BDD08EF003B25E8 /* AutoLocationView.swift in Sources */,
				0285D2602BDF6ADF00A812C5 /* WeatherVM.swift in Sources */,
				027976462BDCA34E003B25E8 /* HourlyForecastItem.swift in Sources */,
				027976812BDE4690003B25E8 /* PersistenceController.swift in Sources */,
			);
			runOnlyForDeploymentPostprocessing = 0;
		};
/* End PBXSourcesBuildPhase section */

/* Begin XCBuildConfiguration section */
		02FDF16F2BDBA7E00079DC85 /* Debug */ = {
			isa = XCBuildConfiguration;
			buildSettings = {
				ALWAYS_SEARCH_USER_PATHS = NO;
				ASSETCATALOG_COMPILER_GENERATE_SWIFT_ASSET_SYMBOL_EXTENSIONS = YES;
				CLANG_ANALYZER_NONNULL = YES;
				CLANG_ANALYZER_NUMBER_OBJECT_CONVERSION = YES_AGGRESSIVE;
				CLANG_CXX_LANGUAGE_STANDARD = "gnu++20";
				CLANG_ENABLE_MODULES = YES;
				CLANG_ENABLE_OBJC_ARC = YES;
				CLANG_ENABLE_OBJC_WEAK = YES;
				CLANG_WARN_BLOCK_CAPTURE_AUTORELEASING = YES;
				CLANG_WARN_BOOL_CONVERSION = YES;
				CLANG_WARN_COMMA = YES;
				CLANG_WARN_CONSTANT_CONVERSION = YES;
				CLANG_WARN_DEPRECATED_OBJC_IMPLEMENTATIONS = YES;
				CLANG_WARN_DIRECT_OBJC_ISA_USAGE = YES_ERROR;
				CLANG_WARN_DOCUMENTATION_COMMENTS = YES;
				CLANG_WARN_EMPTY_BODY = YES;
				CLANG_WARN_ENUM_CONVERSION = YES;
				CLANG_WARN_INFINITE_RECURSION = YES;
				CLANG_WARN_INT_CONVERSION = YES;
				CLANG_WARN_NON_LITERAL_NULL_CONVERSION = YES;
				CLANG_WARN_OBJC_IMPLICIT_RETAIN_SELF = YES;
				CLANG_WARN_OBJC_LITERAL_CONVERSION = YES;
				CLANG_WARN_OBJC_ROOT_CLASS = YES_ERROR;
				CLANG_WARN_QUOTED_INCLUDE_IN_FRAMEWORK_HEADER = YES;
				CLANG_WARN_RANGE_LOOP_ANALYSIS = YES;
				CLANG_WARN_STRICT_PROTOTYPES = YES;
				CLANG_WARN_SUSPICIOUS_MOVE = YES;
				CLANG_WARN_UNGUARDED_AVAILABILITY = YES_AGGRESSIVE;
				CLANG_WARN_UNREACHABLE_CODE = YES;
				CLANG_WARN__DUPLICATE_METHOD_MATCH = YES;
				COPY_PHASE_STRIP = NO;
				DEBUG_INFORMATION_FORMAT = dwarf;
				ENABLE_STRICT_OBJC_MSGSEND = YES;
				ENABLE_TESTABILITY = YES;
				ENABLE_USER_SCRIPT_SANDBOXING = YES;
				GCC_C_LANGUAGE_STANDARD = gnu17;
				GCC_DYNAMIC_NO_PIC = NO;
				GCC_NO_COMMON_BLOCKS = YES;
				GCC_OPTIMIZATION_LEVEL = 0;
				GCC_PREPROCESSOR_DEFINITIONS = (
					"DEBUG=1",
					"$(inherited)",
				);
				GCC_WARN_64_TO_32_BIT_CONVERSION = YES;
				GCC_WARN_ABOUT_RETURN_TYPE = YES_ERROR;
				GCC_WARN_UNDECLARED_SELECTOR = YES;
				GCC_WARN_UNINITIALIZED_AUTOS = YES_AGGRESSIVE;
				GCC_WARN_UNUSED_FUNCTION = YES;
				GCC_WARN_UNUSED_VARIABLE = YES;
				IPHONEOS_DEPLOYMENT_TARGET = 17.4;
				LOCALIZATION_PREFERS_STRING_CATALOGS = YES;
				MTL_ENABLE_DEBUG_INFO = INCLUDE_SOURCE;
				MTL_FAST_MATH = YES;
				ONLY_ACTIVE_ARCH = YES;
				SDKROOT = iphoneos;
				SWIFT_ACTIVE_COMPILATION_CONDITIONS = "DEBUG $(inherited)";
				SWIFT_OPTIMIZATION_LEVEL = "-Onone";
			};
			name = Debug;
		};
		02FDF1702BDBA7E00079DC85 /* Release */ = {
			isa = XCBuildConfiguration;
			buildSettings = {
				ALWAYS_SEARCH_USER_PATHS = NO;
				ASSETCATALOG_COMPILER_GENERATE_SWIFT_ASSET_SYMBOL_EXTENSIONS = YES;
				CLANG_ANALYZER_NONNULL = YES;
				CLANG_ANALYZER_NUMBER_OBJECT_CONVERSION = YES_AGGRESSIVE;
				CLANG_CXX_LANGUAGE_STANDARD = "gnu++20";
				CLANG_ENABLE_MODULES = YES;
				CLANG_ENABLE_OBJC_ARC = YES;
				CLANG_ENABLE_OBJC_WEAK = YES;
				CLANG_WARN_BLOCK_CAPTURE_AUTORELEASING = YES;
				CLANG_WARN_BOOL_CONVERSION = YES;
				CLANG_WARN_COMMA = YES;
				CLANG_WARN_CONSTANT_CONVERSION = YES;
				CLANG_WARN_DEPRECATED_OBJC_IMPLEMENTATIONS = YES;
				CLANG_WARN_DIRECT_OBJC_ISA_USAGE = YES_ERROR;
				CLANG_WARN_DOCUMENTATION_COMMENTS = YES;
				CLANG_WARN_EMPTY_BODY = YES;
				CLANG_WARN_ENUM_CONVERSION = YES;
				CLANG_WARN_INFINITE_RECURSION = YES;
				CLANG_WARN_INT_CONVERSION = YES;
				CLANG_WARN_NON_LITERAL_NULL_CONVERSION = YES;
				CLANG_WARN_OBJC_IMPLICIT_RETAIN_SELF = YES;
				CLANG_WARN_OBJC_LITERAL_CONVERSION = YES;
				CLANG_WARN_OBJC_ROOT_CLASS = YES_ERROR;
				CLANG_WARN_QUOTED_INCLUDE_IN_FRAMEWORK_HEADER = YES;
				CLANG_WARN_RANGE_LOOP_ANALYSIS = YES;
				CLANG_WARN_STRICT_PROTOTYPES = YES;
				CLANG_WARN_SUSPICIOUS_MOVE = YES;
				CLANG_WARN_UNGUARDED_AVAILABILITY = YES_AGGRESSIVE;
				CLANG_WARN_UNREACHABLE_CODE = YES;
				CLANG_WARN__DUPLICATE_METHOD_MATCH = YES;
				COPY_PHASE_STRIP = NO;
				DEBUG_INFORMATION_FORMAT = "dwarf-with-dsym";
				ENABLE_NS_ASSERTIONS = NO;
				ENABLE_STRICT_OBJC_MSGSEND = YES;
				ENABLE_USER_SCRIPT_SANDBOXING = YES;
				GCC_C_LANGUAGE_STANDARD = gnu17;
				GCC_NO_COMMON_BLOCKS = YES;
				GCC_WARN_64_TO_32_BIT_CONVERSION = YES;
				GCC_WARN_ABOUT_RETURN_TYPE = YES_ERROR;
				GCC_WARN_UNDECLARED_SELECTOR = YES;
				GCC_WARN_UNINITIALIZED_AUTOS = YES_AGGRESSIVE;
				GCC_WARN_UNUSED_FUNCTION = YES;
				GCC_WARN_UNUSED_VARIABLE = YES;
				IPHONEOS_DEPLOYMENT_TARGET = 17.4;
				LOCALIZATION_PREFERS_STRING_CATALOGS = YES;
				MTL_ENABLE_DEBUG_INFO = NO;
				MTL_FAST_MATH = YES;
				SDKROOT = iphoneos;
				SWIFT_COMPILATION_MODE = wholemodule;
				VALIDATE_PRODUCT = YES;
			};
			name = Release;
		};
		02FDF1722BDBA7E00079DC85 /* Debug */ = {
			isa = XCBuildConfiguration;
			buildSettings = {
				ASSETCATALOG_COMPILER_APPICON_NAME = AppIcon;
				ASSETCATALOG_COMPILER_GLOBAL_ACCENT_COLOR_NAME = AccentColor;
				CODE_SIGN_STYLE = Automatic;
				CURRENT_PROJECT_VERSION = 1;
				DEVELOPMENT_ASSET_PATHS = "\"WeatherApp03/Preview Content\"";
				DEVELOPMENT_TEAM = 2L568N4PXS;
				ENABLE_PREVIEWS = YES;
				GENERATE_INFOPLIST_FILE = YES;
				INFOPLIST_FILE = WeatherApp03/Info.plist;
				INFOPLIST_KEY_UIApplicationSceneManifest_Generation = YES;
				INFOPLIST_KEY_UIApplicationSupportsIndirectInputEvents = YES;
				INFOPLIST_KEY_UISupportedInterfaceOrientations_iPad = "UIInterfaceOrientationPortrait UIInterfaceOrientationPortraitUpsideDown UIInterfaceOrientationLandscapeLeft UIInterfaceOrientationLandscapeRight";
				INFOPLIST_KEY_UISupportedInterfaceOrientations_iPhone = "UIInterfaceOrientationPortrait UIInterfaceOrientationLandscapeLeft UIInterfaceOrientationLandscapeRight";
				LD_RUNPATH_SEARCH_PATHS = (
					"$(inherited)",
					"@executable_path/Frameworks",
				);
				MARKETING_VERSION = 1.0;
				PRODUCT_BUNDLE_IDENTIFIER = homeOffice.WeatherApp03;
				PRODUCT_NAME = "$(TARGET_NAME)";
				SWIFT_EMIT_LOC_STRINGS = YES;
				SWIFT_VERSION = 5.0;
				TARGETED_DEVICE_FAMILY = "1,2";
			};
			name = Debug;
		};
		02FDF1732BDBA7E00079DC85 /* Release */ = {
			isa = XCBuildConfiguration;
			buildSettings = {
				ASSETCATALOG_COMPILER_APPICON_NAME = AppIcon;
				ASSETCATALOG_COMPILER_GLOBAL_ACCENT_COLOR_NAME = AccentColor;
				CODE_SIGN_STYLE = Automatic;
				CURRENT_PROJECT_VERSION = 1;
				DEVELOPMENT_ASSET_PATHS = "\"WeatherApp03/Preview Content\"";
				DEVELOPMENT_TEAM = 2L568N4PXS;
				ENABLE_PREVIEWS = YES;
				GENERATE_INFOPLIST_FILE = YES;
				INFOPLIST_FILE = WeatherApp03/Info.plist;
				INFOPLIST_KEY_UIApplicationSceneManifest_Generation = YES;
				INFOPLIST_KEY_UIApplicationSupportsIndirectInputEvents = YES;
				INFOPLIST_KEY_UISupportedInterfaceOrientations_iPad = "UIInterfaceOrientationPortrait UIInterfaceOrientationPortraitUpsideDown UIInterfaceOrientationLandscapeLeft UIInterfaceOrientationLandscapeRight";
				INFOPLIST_KEY_UISupportedInterfaceOrientations_iPhone = "UIInterfaceOrientationPortrait UIInterfaceOrientationLandscapeLeft UIInterfaceOrientationLandscapeRight";
				LD_RUNPATH_SEARCH_PATHS = (
					"$(inherited)",
					"@executable_path/Frameworks",
				);
				MARKETING_VERSION = 1.0;
				PRODUCT_BUNDLE_IDENTIFIER = homeOffice.WeatherApp03;
				PRODUCT_NAME = "$(TARGET_NAME)";
				SWIFT_EMIT_LOC_STRINGS = YES;
				SWIFT_VERSION = 5.0;
				TARGETED_DEVICE_FAMILY = "1,2";
			};
			name = Release;
		};
/* End XCBuildConfiguration section */

/* Begin XCConfigurationList section */
		02FDF15E2BDBA7DE0079DC85 /* Build configuration list for PBXProject "WeatherApp03" */ = {
			isa = XCConfigurationList;
			buildConfigurations = (
				02FDF16F2BDBA7E00079DC85 /* Debug */,
				02FDF1702BDBA7E00079DC85 /* Release */,
			);
			defaultConfigurationIsVisible = 0;
			defaultConfigurationName = Release;
		};
		02FDF1712BDBA7E00079DC85 /* Build configuration list for PBXNativeTarget "WeatherApp03" */ = {
			isa = XCConfigurationList;
			buildConfigurations = (
				02FDF1722BDBA7E00079DC85 /* Debug */,
				02FDF1732BDBA7E00079DC85 /* Release */,
			);
			defaultConfigurationIsVisible = 0;
			defaultConfigurationName = Release;
		};
/* End XCConfigurationList section */

/* Begin XCRemoteSwiftPackageReference section */
		027976562BDCDAE0003B25E8 /* XCRemoteSwiftPackageReference "Alamofire" */ = {
			isa = XCRemoteSwiftPackageReference;
			repositoryURL = "https://github.com/Alamofire/Alamofire?tab=readme-ov-file#swift-package-manager";
			requirement = {
				kind = upToNextMajorVersion;
				minimumVersion = 5.9.1;
			};
		};
/* End XCRemoteSwiftPackageReference section */

/* Begin XCSwiftPackageProductDependency section */
		027976932BDF6921003B25E8 /* Alamofire */ = {
			isa = XCSwiftPackageProductDependency;
			package = 027976562BDCDAE0003B25E8 /* XCRemoteSwiftPackageReference "Alamofire" */;
			productName = Alamofire;
		};
		027976952BDF6921003B25E8 /* AlamofireDynamic */ = {
			isa = XCSwiftPackageProductDependency;
			package = 027976562BDCDAE0003B25E8 /* XCRemoteSwiftPackageReference "Alamofire" */;
			productName = AlamofireDynamic;
		};
/* End XCSwiftPackageProductDependency section */

/* Begin XCVersionGroup section */
		0279767D2BDE3D41003B25E8 /* DataModel.xcdatamodeld */ = {
			isa = XCVersionGroup;
			children = (
				0279767E2BDE3D41003B25E8 /* DataModel.xcdatamodel */,
			);
			currentVersion = 0279767E2BDE3D41003B25E8 /* DataModel.xcdatamodel */;
			name = DataModel.xcdatamodeld;
			path = "/Users/anton.adamson/Development/iOS/Test task/WeatherApp03/WeatherApp03/Models/DataModel.xcdatamodeld";
			sourceTree = "<group>";
			versionGroupType = wrapper.xcdatamodel;
		};
/* End XCVersionGroup section */
	};
	rootObject = 02FDF15B2BDBA7DE0079DC85 /* Project object */;
}
