{
  "originHash" : "f81e11e1804291842050d91a89bb6c222788e8a9e2b88509942c0dadb957f06e",
  "pins" : [
    {
      "identity" : "alamofire?tab=readme-ov-file#swift-package-manager",
      "kind" : "remoteSourceControl",
      "location" : "https://github.com/Alamofire/Alamofire?tab=readme-ov-file#swift-package-manager",
      "state" : {
        "revision" : "f455c2975872ccd2d9c81594c658af65716e9b9a",
        "version" : "5.9.1"
      }
    }
  ],
  "version" : 3
}
